
Microsoft Visual Studio Solution File, Format Version 12.00
# Visual Studio Express 2013 for Web
VisualStudioVersion = 12.0.21005.1
MinimumVisualStudioVersion = 10.0.40219.1
Project("{FAE04EC0-301F-11D3-BF4B-00C04F79EFBC}") = "DotNETAuction", "DotNETAuction\DotNETAuction.csproj", "{FD612CCD-75DA-404E-918F-13B2F1A32127}"
EndProject
Project("{FAE04EC0-301F-11D3-BF4B-00C04F79EFBC}") = "DotNETAuction.Tests", "DotNETAuction.Tests\DotNETAuction.Tests.csproj", "{A8B4055E-5A0A-4623-9069-5DA1C51AD942}"
EndProject
Global
	GlobalSection(SolutionConfigurationPlatforms) = preSolution
		Debug|Any CPU = Debug|Any CPU
		Release|Any CPU = Release|Any CPU
	EndGlobalSection
	GlobalSection(ProjectConfigurationPlatforms) = postSolution
		{FD612CCD-75DA-404E-918F-13B2F1A32127}.Debug|Any CPU.ActiveCfg = Debug|Any CPU
		{FD612CCD-75DA-404E-918F-13B2F1A32127}.Debug|Any CPU.Build.0 = Debug|Any CPU
		{FD612CCD-75DA-404E-918F-13B2F1A32127}.Release|Any CPU.ActiveCfg = Release|Any CPU
		{FD612CCD-75DA-404E-918F-13B2F1A32127}.Release|Any CPU.Build.0 = Release|Any CPU
		{A8B4055E-5A0A-4623-9069-5DA1C51AD942}.Debug|Any CPU.ActiveCfg = Debug|Any CPU
		{A8B4055E-5A0A-4623-9069-5DA1C51AD942}.Debug|Any CPU.Build.0 = Debug|Any CPU
		{A8B4055E-5A0A-4623-9069-5DA1C51AD942}.Release|Any CPU.ActiveCfg = Release|Any CPU
		{A8B4055E-5A0A-4623-9069-5DA1C51AD942}.Release|Any CPU.Build.0 = Release|Any CPU
	EndGlobalSection
	GlobalSection(SolutionProperties) = preSolution
		HideSolutionNode = FALSE
	EndGlobalSection
EndGlobal
